{
  "lockfile_version": "1",
  "packages": {
    "duckdb@latest": {
      "last_modified": "2025-10-24T23:52:36Z",
      "resolved": "github:NixOS/nixpkgs/02f2cb8e0feb4596d20cc52fda73ccee960e3538#duckdb",
      "source": "devbox-search",
      "version": "1.4.1",
      "systems": {
        "aarch64-darwin": {
          "outputs": [
            {
              "name": "out",
              "path": "/nix/store/qpfyvlgdhq71vymaib74qq86yyyqjfgj-duckdb-1.4.1",
              "default": true
            },
            {
              "name": "dev",
              "path": "/nix/store/pd6z6lpz473c936izkizapz9jjv15zj6-duckdb-1.4.1-dev"
            },
            {
              "name": "lib",
              "path": "/nix/store/fbv86fdj2bfnl33rzhnwbzpfwf93dhlp-duckdb-1.4.1-lib"
            }
          ],
          "store_path": "/nix/store/qpfyvlgdhq71vymaib74qq86yyyqjfgj-duckdb-1.4.1"
        },
        "aarch64-linux": {
          "outputs": [
            {
              "name": "out",
              "path": "/nix/store/85r9i1i0nmy04520f3044846j30slclx-duckdb-1.4.1",
              "default": true
            },
            {
              "name": "dev",
              "path": "/nix/store/1xm65hc239pchg5wjqmwgf76xghmisjp-duckdb-1.4.1-dev"
            },
            {
              "name": "lib",
              "path": "/nix/store/x6xc7yws0prk0isvlkk10wn8zccac8cv-duckdb-1.4.1-lib"
            }
          ],
          "store_path": "/nix/store/85r9i1i0nmy04520f3044846j30slclx-duckdb-1.4.1"
        },
        "x86_64-darwin": {
          "outputs": [
            {
              "name": "out",
              "path": "/nix/store/k09p905s4s9p9k8fn0iw63z30b899a5v-duckdb-1.4.1",
              "default": true
            },
            {
              "name": "dev",
              "path": "/nix/store/wyvl3mngfn01inprwwg7fmj1z24yp4rm-duckdb-1.4.1-dev"
            },
            {
              "name": "lib",
              "path": "/nix/store/jlwh3rvzh7v67liz6ssm9cc3vrjxbi2b-duckdb-1.4.1-lib"
            }
          ],
          "store_path": "/nix/store/k09p905s4s9p9k8fn0iw63z30b899a5v-duckdb-1.4.1"
        },
        "x86_64-linux": {
          "outputs": [
            {
              "name": "out",
              "path": "/nix/store/16a61n1f9y44qbkbh9w91a3p1bzrr9fh-duckdb-1.4.1",
              "default": true
            },
            {
              "name": "dev",
              "path": "/nix/store/kdmpakpz8sqr8zzpm8a22b6rr5139y92-duckdb-1.4.1-dev"
            },
            {
              "name": "lib",
              "path": "/nix/store/2rrvkfn288iaw2d96bj7xx2dlsfcgw0a-duckdb-1.4.1-lib"
            }
          ],
          "store_path": "/nix/store/16a61n1f9y44qbkbh9w91a3p1bzrr9fh-duckdb-1.4.1"
        }
      }
    },
    "github:NixOS/nixpkgs/nixpkgs-unstable": {
      "last_modified": "2025-11-05T16:44:39Z",
      "resolved": "github:NixOS/nixpkgs/ffcdcf99d65c61956d882df249a9be53e5902ea5?lastModified=1762361079&narHash=sha256-lz718rr1BDpZBYk7%2BG8cE6wee3PiBUpn8aomG%2FvLLiY%3D"
    },
    "nodejs@latest": {
      "last_modified": "2025-10-30T18:40:41Z",
      "plugin_version": "0.0.2",
      "resolved": "github:NixOS/nixpkgs/45ebaee5d90bab997812235564af4cf5107bde89#nodejs_24",
      "source": "devbox-search",
      "version": "24.11.0",
      "systems": {
        "aarch64-darwin": {
          "outputs": [
            {
              "name": "out",
              "path": "/nix/store/2473ifz5wy3fsx2mpicfa7bk4dqj02cs-nodejs-24.11.0",
              "default": true
            },
            {
              "name": "dev",
              "path": "/nix/store/3pyvngvh9q0kz06y02ak7gw637n2957h-nodejs-24.11.0-dev"
            },
            {
              "name": "libv8",
              "path": "/nix/store/1x47w78i99rxvpv3qzapy6416c36ncwf-nodejs-24.11.0-libv8"
            }
          ],
          "store_path": "/nix/store/2473ifz5wy3fsx2mpicfa7bk4dqj02cs-nodejs-24.11.0"
        },
        "aarch64-linux": {
          "outputs": [
            {
              "name": "out",
              "path": "/nix/store/12qw780l6ipajc7g1rm2d25yaa068f71-nodejs-24.11.0",
              "default": true
            },
            {
              "name": "dev",
              "path": "/nix/store/f8xhra2ck4x4ldsk47vwnwbhkb832xjs-nodejs-24.11.0-dev"
            },
            {
              "name": "libv8",
              "path": "/nix/store/7p12vb3124mjg3wi69kw40rfkwpxr96v-nodejs-24.11.0-libv8"
            }
          ],
          "store_path": "/nix/store/12qw780l6ipajc7g1rm2d25yaa068f71-nodejs-24.11.0"
        },
        "x86_64-darwin": {
          "outputs": [
            {
              "name": "out",
              "path": "/nix/store/b4h5xp3mskjcjlbv6v9crnicmj3idkjm-nodejs-24.11.0",
              "default": true
            },
            {
              "name": "dev",
              "path": "/nix/store/ihfph5ggw53d6d0cfgzdg2fn4zb9mq2r-nodejs-24.11.0-dev"
            },
            {
              "name": "libv8",
              "path": "/nix/store/lq9s0qi7733lanpqaf5vvv378495ckwc-nodejs-24.11.0-libv8"
            }
          ],
          "store_path": "/nix/store/b4h5xp3mskjcjlbv6v9crnicmj3idkjm-nodejs-24.11.0"
        },
        "x86_64-linux": {
          "outputs": [
            {
              "name": "out",
              "path": "/nix/store/yln56wciplw21gnsljp5gkzyzc2n52ni-nodejs-24.11.0",
              "default": true
            },
            {
              "name": "dev",
              "path": "/nix/store/5ln4hzy2agzk46y0ccc0a2f1wrrb3gpv-nodejs-24.11.0-dev"
            },
            {
              "name": "libv8",
              "path": "/nix/store/k1jvh8asv6hgyrf2mi8l6xpqmz3nr4lq-nodejs-24.11.0-libv8"
            }
          ],
          "store_path": "/nix/store/yln56wciplw21gnsljp5gkzyzc2n52ni-nodejs-24.11.0"
        }
      }
    },
    "podman-compose@latest": {
      "last_modified": "2025-10-22T20:59:19Z",
      "resolved": "github:NixOS/nixpkgs/01b6809f7f9d1183a2b3e081f0a1e6f8f415cb09#podman-compose",
      "source": "devbox-search",
      "version": "1.5.0",
      "systems": {
        "aarch64-darwin": {
          "outputs": [
            {
              "name": "out",
              "path": "/nix/store/hiql6h5c0kpq80bb398bp7zc1869gmwc-podman-compose-1.5.0",
              "default": true
            },
            {
              "name": "dist",
              "path": "/nix/store/fag4a0kyhgbl1ndzjb0z2515sb5iwb56-podman-compose-1.5.0-dist"
            }
          ],
          "store_path": "/nix/store/hiql6h5c0kpq80bb398bp7zc1869gmwc-podman-compose-1.5.0"
        },
        "aarch64-linux": {
          "outputs": [
            {
              "name": "out",
              "path": "/nix/store/6ip10pdw3jvr7z2hb0smw0y3bsvyj3zq-podman-compose-1.5.0",
              "default": true
            },
            {
              "name": "dist",
              "path": "/nix/store/hsglvqwqdr2dnwdi6gd1675lflkvz947-podman-compose-1.5.0-dist"
            }
          ],
          "store_path": "/nix/store/6ip10pdw3jvr7z2hb0smw0y3bsvyj3zq-podman-compose-1.5.0"
        },
        "x86_64-darwin": {
          "outputs": [
            {
              "name": "out",
              "path": "/nix/store/1pw1vmyw7y2ynab88h794rjlcifsf8fc-podman-compose-1.5.0",
              "default": true
            },
            {
              "name": "dist",
              "path": "/nix/store/vch075s5a1i9p9b58dpafa7bqdcibv8b-podman-compose-1.5.0-dist"
            }
          ],
          "store_path": "/nix/store/1pw1vmyw7y2ynab88h794rjlcifsf8fc-podman-compose-1.5.0"
        },
        "x86_64-linux": {
          "outputs": [
            {
              "name": "out",
              "path": "/nix/store/gfza2yns3a12554xjj0q9r5q0xrgwf6y-podman-compose-1.5.0",
              "default": true
            },
            {
              "name": "dist",
              "path": "/nix/store/xa72wc94qzybalmd8nidiffi6mpndsng-podman-compose-1.5.0-dist"
            }
          ],
          "store_path": "/nix/store/gfza2yns3a12554xjj0q9r5q0xrgwf6y-podman-compose-1.5.0"
        }
      }
    },
    "podman@latest": {
      "last_modified": "2025-10-22T20:59:19Z",
      "resolved": "github:NixOS/nixpkgs/01b6809f7f9d1183a2b3e081f0a1e6f8f415cb09#podman",
      "source": "devbox-search",
      "version": "5.6.2",
      "systems": {
        "aarch64-darwin": {
          "outputs": [
            {
              "name": "out",
              "path": "/nix/store/0lrv103wsl0fdw8spidnppir76j7lyj8-podman-5.6.2",
              "default": true
            },
            {
              "name": "man",
              "path": "/nix/store/0sgqjs2w4zk0x73v9ixvxfz3mn0q7q6j-podman-5.6.2-man",
              "default": true
            }
          ],
          "store_path": "/nix/store/0lrv103wsl0fdw8spidnppir76j7lyj8-podman-5.6.2"
        },
        "aarch64-linux": {
          "outputs": [
            {
              "name": "out",
              "path": "/nix/store/yvkiyid52gg2lsqb63f39a5gljhfr4ha-podman-5.6.2",
              "default": true
            },
            {
              "name": "man",
              "path": "/nix/store/hmkpqdqsm34yiqx129z9qllgqki8r7p7-podman-5.6.2-man",
              "default": true
            }
          ],
          "store_path": "/nix/store/yvkiyid52gg2lsqb63f39a5gljhfr4ha-podman-5.6.2"
        },
        "x86_64-darwin": {
          "outputs": [
            {
              "name": "out",
              "path": "/nix/store/c30jnlwkj164lc11cm4w9v6vcacxdc3y-podman-5.6.2",
              "default": true
            },
            {
              "name": "man",
              "path": "/nix/store/5brn2krj55pr8322ff0b4cmxpsy39i0q-podman-5.6.2-man",
              "default": true
            }
          ],
          "store_path": "/nix/store/c30jnlwkj164lc11cm4w9v6vcacxdc3y-podman-5.6.2"
        },
        "x86_64-linux": {
          "outputs": [
            {
              "name": "out",
              "path": "/nix/store/sl6d79k8510l4h6vydvlgzk45yl3riag-podman-5.6.2",
              "default": true
            },
            {
              "name": "man",
              "path": "/nix/store/6hcc9wgk5rdvvzqf7b9110h7agrdzrkf-podman-5.6.2-man",
              "default": true
            }
          ],
          "store_path": "/nix/store/sl6d79k8510l4h6vydvlgzk45yl3riag-podman-5.6.2"
        }
      }
    },
    "postgresql@latest": {
      "last_modified": "2025-11-03T07:53:02Z",
      "plugin_version": "0.0.2",
      "resolved": "github:NixOS/nixpkgs/7241bcbb4f099a66aafca120d37c65e8dda32717#postgresql",
      "source": "devbox-search",
      "version": "17.6",
      "systems": {
        "aarch64-darwin": {
          "outputs": [
            {
              "name": "out",
              "path": "/nix/store/fmwdn3g2yp10m3g5fmhggm0aby5iasis-postgresql-17.6",
              "default": true
            },
            {
              "name": "man",
              "path": "/nix/store/4lca2xc5qn1kvfvxny1943fdr02rq4xg-postgresql-17.6-man",
              "default": true
            },
            {
              "name": "doc",
              "path": "/nix/store/lwspn795akq5p5s9xa3swkii9znkmxdb-postgresql-17.6-doc"
            },
            {
              "name": "jit",
              "path": "/nix/store/y0rn8w13ysk439glii034r3i0gdw47pm-postgresql-17.6-jit"
            },
            {
              "name": "plpython3",
              "path": "/nix/store/sxpzwdjbyd9bw228fa7zaf9a5j3158rh-postgresql-17.6-plpython3"
            },
            {
              "name": "dev",
              "path": "/nix/store/xfi3c32g4plkzgsw7ydfdpfgwvrc6klv-postgresql-17.6-dev"
            },
            {
              "name": "lib",
              "path": "/nix/store/lddwlvxvk1i0l5mwi4x61a2fkzy0b2vi-postgresql-17.6-lib"
            },
            {
              "name": "plperl",
              "path": "/nix/store/207c79wyjy9ibcv3yg1c42npa4rxc6sh-postgresql-17.6-plperl"
            },
            {
              "name": "pltcl",
              "path": "/nix/store/cbzk5xxfvcry18gqzaym5ggypd1zsrgz-postgresql-17.6-pltcl"
            }
          ],
          "store_path": "/nix/store/fmwdn3g2yp10m3g5fmhggm0aby5iasis-postgresql-17.6"
        },
        "aarch64-linux": {
          "outputs": [
            {
              "name": "out",
              "path": "/nix/store/90qfa4mqam3fvqphx7w7l8ja0b9vvfzr-postgresql-17.6",
              "default": true
            },
            {
              "name": "man",
              "path": "/nix/store/a3wq2pa5mp16sga4lnwkrck9mvz69axb-postgresql-17.6-man",
              "default": true
            },
            {
              "name": "plperl",
              "path": "/nix/store/x0jw6by78qrgvgki055mss57fxzszid3-postgresql-17.6-plperl"
            },
            {
              "name": "pltcl",
              "path": "/nix/store/kigdc8z8srhha8jb7gacahhnr080i16g-postgresql-17.6-pltcl"
            },
            {
              "name": "debug",
              "path": "/nix/store/fi50zk8gqyrhfj6qd7g2dmrz4p2hh3n3-postgresql-17.6-debug"
            },
            {
              "name": "dev",
              "path": "/nix/store/klcmgwqa87my0ypyfwb1kciddcfm4xw7-postgresql-17.6-dev"
            },
            {
              "name": "plpython3",
              "path": "/nix/store/kdffbhrcgk8mny8h3qwaw71gvpkp7n3k-postgresql-17.6-plpython3"
            },
            {
              "name": "doc",
              "path": "/nix/store/xl98ffpxhh71q2c751csbz61kbzi02gl-postgresql-17.6-doc"
            },
            {
              "name": "jit",
              "path": "/nix/store/pp6n9qpmx23vm7hb00dr9cj72xnmhnbv-postgresql-17.6-jit"
            },
            {
              "name": "lib",
              "path": "/nix/store/4cyg8qxfcaqaq1h88x35x57875slpibk-postgresql-17.6-lib"
            }
          ],
          "store_path": "/nix/store/90qfa4mqam3fvqphx7w7l8ja0b9vvfzr-postgresql-17.6"
        },
        "x86_64-darwin": {
          "outputs": [
            {
              "name": "out",
              "path": "/nix/store/j9da4p9dyckr0wi7d0kgzpdvcb6xs5y7-postgresql-17.6",
              "default": true
            },
            {
              "name": "man",
              "path": "/nix/store/djwpxz7grrrgcd2kfkqc7kvji8q2cckv-postgresql-17.6-man",
              "default": true
            },
            {
              "name": "plperl",
              "path": "/nix/store/p1f4kwyya9kjirk5dxvccm76y2hbs7mi-postgresql-17.6-plperl"
            },
            {
              "name": "plpython3",
              "path": "/nix/store/yq168c00rwxfc29knpsvj63c2l5ih634-postgresql-17.6-plpython3"
            },
            {
              "name": "dev",
              "path": "/nix/store/jds4gk5s6ax03da6dcl708qzvf53l8iq-postgresql-17.6-dev"
            },
            {
              "name": "doc",
              "path": "/nix/store/7syfb8061wvwxsj1hh1abv27f4r4fpg7-postgresql-17.6-doc"
            },
            {
              "name": "jit",
              "path": "/nix/store/hlm5s6l507x0g4l3vc4kkc6b108l55v9-postgresql-17.6-jit"
            },
            {
              "name": "lib",
              "path": "/nix/store/5g9xwxp5xgggnsprshvlacz5qlhbnga7-postgresql-17.6-lib"
            },
            {
              "name": "pltcl",
              "path": "/nix/store/l9ysz6ldy38dh5n6pc1xxgzvs5qw1mkd-postgresql-17.6-pltcl"
            }
          ],
          "store_path": "/nix/store/j9da4p9dyckr0wi7d0kgzpdvcb6xs5y7-postgresql-17.6"
        },
        "x86_64-linux": {
          "outputs": [
            {
              "name": "out",
              "path": "/nix/store/4n3wdlj53mw2z9j32zg7v1d5hbn5b36x-postgresql-17.6",
              "default": true
            },
            {
              "name": "man",
              "path": "/nix/store/afgipzvizd600izw8aqw7ll6bzyfb7mn-postgresql-17.6-man",
              "default": true
            },
            {
              "name": "plpython3",
              "path": "/nix/store/v9s4l6z2dlhxjssa0wy7b5asp0anm8ng-postgresql-17.6-plpython3"
            },
            {
              "name": "pltcl",
              "path": "/nix/store/i5pzm3yyayl67hf8vr2gfnxpv8fdqbqz-postgresql-17.6-pltcl"
            },
            {
              "name": "doc",
              "path": "/nix/store/rrdm76xh5hx9j84ax3wlvx57chvw33y8-postgresql-17.6-doc"
            },
            {
              "name": "jit",
              "path": "/nix/store/ak5gcksn8blddcwzxqbv5qchh0a7ax7g-postgresql-17.6-jit"
            },
            {
              "name": "plperl",
              "path": "/nix/store/knrb3ayj4xg3yj20ys0f8fq7gslzj5xk-postgresql-17.6-plperl"
            },
            {
              "name": "debug",
              "path": "/nix/store/m9z5ix1rpz25gf8nanfv2c2a0ax2inni-postgresql-17.6-debug"
            },
            {
              "name": "dev",
              "path": "/nix/store/40wlxs3zyvkl7psva31hx4qvq8qk1wq9-postgresql-17.6-dev"
            },
            {
              "name": "lib",
              "path": "/nix/store/09g5yr15i53l6yfif3p7q86shchwk1wr-postgresql-17.6-lib"
            }
          ],
          "store_path": "/nix/store/4n3wdlj53mw2z9j32zg7v1d5hbn5b36x-postgresql-17.6"
        }
      }
    },
    "python@3.13": {
      "last_modified": "2025-05-16T20:19:48Z",
      "plugin_version": "0.0.4",
      "resolved": "github:NixOS/nixpkgs/12a55407652e04dcf2309436eb06fef0d3713ef3#python313",
      "source": "devbox-search",
      "version": "3.13.3",
      "systems": {
        "aarch64-darwin": {
          "outputs": [
            {
              "name": "out",
              "path": "/nix/store/1a8xg8l3m67hxinxzzcsak9736qm9vsf-python3-3.13.3",
              "default": true
            }
          ],
          "store_path": "/nix/store/1a8xg8l3m67hxinxzzcsak9736qm9vsf-python3-3.13.3"
        },
        "aarch64-linux": {
          "outputs": [
            {
              "name": "out",
              "path": "/nix/store/yy0xvc2rydhrs0h1v8d7r3sql347xzz5-python3-3.13.3",
              "default": true
            },
            {
              "name": "debug",
              "path": "/nix/store/42bxfqfrh8cwspl7szr0cw8739xv8qlq-python3-3.13.3-debug"
            }
          ],
          "store_path": "/nix/store/yy0xvc2rydhrs0h1v8d7r3sql347xzz5-python3-3.13.3"
        },
        "x86_64-darwin": {
          "outputs": [
            {
              "name": "out",
              "path": "/nix/store/gbrigjhghz9v2p0zf9b2fnvs0g0yx7q4-python3-3.13.3",
              "default": true
            }
          ],
          "store_path": "/nix/store/gbrigjhghz9v2p0zf9b2fnvs0g0yx7q4-python3-3.13.3"
        },
        "x86_64-linux": {
          "outputs": [
            {
              "name": "out",
              "path": "/nix/store/2mab9iiwhcqwk75qwvp3zv0bvbiaq6cs-python3-3.13.3",
              "default": true
            },
            {
              "name": "debug",
              "path": "/nix/store/9z6k8ijl2md0y2n95yprbjj4vxbfsi15-python3-3.13.3-debug"
            }
          ],
          "store_path": "/nix/store/2mab9iiwhcqwk75qwvp3zv0bvbiaq6cs-python3-3.13.3"
        }
      }
    },
    "sqlcmd@latest": {
      "last_modified": "2025-10-22T20:59:19Z",
      "resolved": "github:NixOS/nixpkgs/01b6809f7f9d1183a2b3e081f0a1e6f8f415cb09#sqlcmd",
      "source": "devbox-search",
      "version": "1.8.3",
      "systems": {
        "aarch64-darwin": {
          "outputs": [
            {
              "name": "out",
              "path": "/nix/store/4y6vqr80q6lrs1fb6ck01nj8qfd996lb-sqlcmd-1.8.3",
              "default": true
            }
          ],
          "store_path": "/nix/store/4y6vqr80q6lrs1fb6ck01nj8qfd996lb-sqlcmd-1.8.3"
        },
        "aarch64-linux": {
          "outputs": [
            {
              "name": "out",
              "path": "/nix/store/vha3578sgys3b2sylz1yrlk8jrdcgxy1-sqlcmd-1.8.3",
              "default": true
            }
          ],
          "store_path": "/nix/store/vha3578sgys3b2sylz1yrlk8jrdcgxy1-sqlcmd-1.8.3"
        },
        "x86_64-darwin": {
          "outputs": [
            {
              "name": "out",
              "path": "/nix/store/w2ahnbdc0sxsmyzqm43gfin0nb5pgkmy-sqlcmd-1.8.3",
              "default": true
            }
          ],
          "store_path": "/nix/store/w2ahnbdc0sxsmyzqm43gfin0nb5pgkmy-sqlcmd-1.8.3"
        },
        "x86_64-linux": {
          "outputs": [
            {
              "name": "out",
              "path": "/nix/store/s57wcrhp2vbm56i9nipa0ip3xcypm0d9-sqlcmd-1.8.3",
              "default": true
            }
          ],
          "store_path": "/nix/store/s57wcrhp2vbm56i9nipa0ip3xcypm0d9-sqlcmd-1.8.3"
        }
      }
    },
    "uv@latest": {
      "last_modified": "2025-10-22T20:59:19Z",
      "resolved": "github:NixOS/nixpkgs/01b6809f7f9d1183a2b3e081f0a1e6f8f415cb09#uv",
      "source": "devbox-search",
      "version": "0.8.23",
      "systems": {
        "aarch64-darwin": {
          "outputs": [
            {
              "name": "out",
              "path": "/nix/store/3q234qjj0cvdb8yjaiq64gk2q7r1nwcx-uv-0.8.23",
              "default": true
            }
          ],
          "store_path": "/nix/store/3q234qjj0cvdb8yjaiq64gk2q7r1nwcx-uv-0.8.23"
        },
        "aarch64-linux": {
          "outputs": [
            {
              "name": "out",
              "path": "/nix/store/ymbshk79amchwmhvnh8xh5f1608a3p80-uv-0.8.23",
              "default": true
            }
          ],
          "store_path": "/nix/store/ymbshk79amchwmhvnh8xh5f1608a3p80-uv-0.8.23"
        },
        "x86_64-darwin": {
          "outputs": [
            {
              "name": "out",
              "path": "/nix/store/lnl1zz7f97pqj6bqzqpglf0lhgcy5pk0-uv-0.8.23",
              "default": true
            }
          ],
          "store_path": "/nix/store/lnl1zz7f97pqj6bqzqpglf0lhgcy5pk0-uv-0.8.23"
        },
        "x86_64-linux": {
          "outputs": [
            {
              "name": "out",
              "path": "/nix/store/n6chrdybb91npp8gvf8mjk55smx4sn8s-uv-0.8.23",
              "default": true
            }
          ],
          "store_path": "/nix/store/n6chrdybb91npp8gvf8mjk55smx4sn8s-uv-0.8.23"
        }
      }
    }
  }
}
