{
  "lockfile_version": "1",
  "packages": {
    "bat@latest": {
      "last_modified": "2025-11-15T07:28:48Z",
      "resolved": "github:NixOS/nixpkgs/1d4c88323ac36805d09657d13a5273aea1b34f0c#bat",
      "source": "devbox-search",
      "version": "0.26.0",
      "systems": {
        "aarch64-darwin": {
          "outputs": [
            {
              "name": "out",
              "path": "/nix/store/bvair8i8ih4pcww6iw5146wppf46mgrb-bat-0.26.0",
              "default": true
            }
          ],
          "store_path": "/nix/store/bvair8i8ih4pcww6iw5146wppf46mgrb-bat-0.26.0"
        },
        "aarch64-linux": {
          "outputs": [
            {
              "name": "out",
              "path": "/nix/store/dgvryqpl27yxgcwxx6irvf4ra91492ia-bat-0.26.0",
              "default": true
            }
          ],
          "store_path": "/nix/store/dgvryqpl27yxgcwxx6irvf4ra91492ia-bat-0.26.0"
        },
        "x86_64-darwin": {
          "outputs": [
            {
              "name": "out",
              "path": "/nix/store/iwy9yq1rcb0k3qa7q8zinlv8yi2yb20g-bat-0.26.0",
              "default": true
            }
          ],
          "store_path": "/nix/store/iwy9yq1rcb0k3qa7q8zinlv8yi2yb20g-bat-0.26.0"
        },
        "x86_64-linux": {
          "outputs": [
            {
              "name": "out",
              "path": "/nix/store/ryaxw8pzh3mg7r4mg46zfj8qg2hapbz0-bat-0.26.0",
              "default": true
            }
          ],
          "store_path": "/nix/store/ryaxw8pzh3mg7r4mg46zfj8qg2hapbz0-bat-0.26.0"
        }
      }
    },
    "duckdb@latest": {
      "last_modified": "2025-11-16T17:00:02Z",
      "resolved": "github:NixOS/nixpkgs/85a6c4a07faa12aaccd81b36ba9bfc2bec974fa1#duckdb",
      "source": "devbox-search",
      "version": "1.4.1",
      "systems": {
        "aarch64-darwin": {
          "outputs": [
            {
              "name": "out",
              "path": "/nix/store/p322avaf7rdxypj89y8plrjgp6sslsim-duckdb-1.4.1",
              "default": true
            },
            {
              "name": "dev",
              "path": "/nix/store/d37f0c0qx9filzi4prbma9q2w8w0vdhk-duckdb-1.4.1-dev"
            },
            {
              "name": "lib",
              "path": "/nix/store/jg0p6f2z3yxi18k2dyw36cjzmxnkjmmz-duckdb-1.4.1-lib"
            }
          ],
          "store_path": "/nix/store/p322avaf7rdxypj89y8plrjgp6sslsim-duckdb-1.4.1"
        },
        "aarch64-linux": {
          "outputs": [
            {
              "name": "out",
              "path": "/nix/store/8k5rpp5r3ffr9iz2rdmxs1209kns5ahg-duckdb-1.4.1",
              "default": true
            },
            {
              "name": "dev",
              "path": "/nix/store/6nsimii3xfvlsps13m18f13xcv4vs56j-duckdb-1.4.1-dev"
            },
            {
              "name": "lib",
              "path": "/nix/store/11ykdkpgzwrl50fy1qcy33689llj1gpw-duckdb-1.4.1-lib"
            }
          ],
          "store_path": "/nix/store/8k5rpp5r3ffr9iz2rdmxs1209kns5ahg-duckdb-1.4.1"
        },
        "x86_64-darwin": {
          "outputs": [
            {
              "name": "out",
              "path": "/nix/store/vdssws3sjzfwlhzrpbwax56qa7dcyqv4-duckdb-1.4.1",
              "default": true
            },
            {
              "name": "dev",
              "path": "/nix/store/wsg2q6a508pxcpr38iabygh4m6fj8dpl-duckdb-1.4.1-dev"
            },
            {
              "name": "lib",
              "path": "/nix/store/jvbknq9qpn74j5qwv7hgxl5l7kmbd7k7-duckdb-1.4.1-lib"
            }
          ],
          "store_path": "/nix/store/vdssws3sjzfwlhzrpbwax56qa7dcyqv4-duckdb-1.4.1"
        },
        "x86_64-linux": {
          "outputs": [
            {
              "name": "out",
              "path": "/nix/store/m0ynz2v44c6w0agk4ki9m6wcaij8kybb-duckdb-1.4.1",
              "default": true
            },
            {
              "name": "dev",
              "path": "/nix/store/i7nk15pn1zk2gcfv9zbrzssq8lk90l99-duckdb-1.4.1-dev"
            },
            {
              "name": "lib",
              "path": "/nix/store/pizli27fpml9bqpcfds6dvbniavhp718-duckdb-1.4.1-lib"
            }
          ],
          "store_path": "/nix/store/m0ynz2v44c6w0agk4ki9m6wcaij8kybb-duckdb-1.4.1"
        }
      }
    },
    "github:NixOS/nixpkgs/nixpkgs-unstable": {
      "last_modified": "2025-11-23T21:50:36Z",
      "resolved": "github:NixOS/nixpkgs/ee09932cedcef15aaf476f9343d1dea2cb77e261?lastModified=1763934636&narHash=sha256-9glbI7f1uU%2ByzQCq5LwLgdZqx6svOhZWkd4JRY265fc%3D"
    },
    "glibcLocales@latest": {
      "last_modified": "2025-11-15T07:28:48Z",
      "resolved": "github:NixOS/nixpkgs/1d4c88323ac36805d09657d13a5273aea1b34f0c#glibcLocales",
      "source": "devbox-search",
      "version": "2.40-66",
      "systems": {
        "aarch64-linux": {
          "outputs": [
            {
              "name": "out",
              "path": "/nix/store/6xp6wngm0g3m8w6jwrnclpa16mxxy6sh-glibc-locales-2.40-66",
              "default": true
            }
          ],
          "store_path": "/nix/store/6xp6wngm0g3m8w6jwrnclpa16mxxy6sh-glibc-locales-2.40-66"
        },
        "x86_64-linux": {
          "outputs": [
            {
              "name": "out",
              "path": "/nix/store/0447paawyvfx897vzbcz9jv6jzxnjfrq-glibc-locales-2.40-66",
              "default": true
            }
          ],
          "store_path": "/nix/store/0447paawyvfx897vzbcz9jv6jzxnjfrq-glibc-locales-2.40-66"
        }
      }
    },
    "nodejs@latest": {
      "last_modified": "2025-11-16T17:00:02Z",
      "plugin_version": "0.0.2",
      "resolved": "github:NixOS/nixpkgs/85a6c4a07faa12aaccd81b36ba9bfc2bec974fa1#nodejs_24",
      "source": "devbox-search",
      "version": "24.11.1",
      "systems": {
        "aarch64-darwin": {
          "outputs": [
            {
              "name": "out",
              "path": "/nix/store/smlydln7rhjla1m6bm7sikqpb2zzrndm-nodejs-24.11.1",
              "default": true
            },
            {
              "name": "dev",
              "path": "/nix/store/kpgr84rv1fzc0lw6w7ip9l84a69w4p67-nodejs-24.11.1-dev"
            },
            {
              "name": "libv8",
              "path": "/nix/store/ly41f5b88x6kg0v033i13ys4zx04zs4x-nodejs-24.11.1-libv8"
            }
          ],
          "store_path": "/nix/store/smlydln7rhjla1m6bm7sikqpb2zzrndm-nodejs-24.11.1"
        },
        "aarch64-linux": {
          "outputs": [
            {
              "name": "out",
              "path": "/nix/store/33f60ljv7511fpiwz0g8q35vvzwjrbs1-nodejs-24.11.1",
              "default": true
            },
            {
              "name": "libv8",
              "path": "/nix/store/pw1hasfs8whl1iw24dsiwy46c7k04557-nodejs-24.11.1-libv8"
            },
            {
              "name": "dev",
              "path": "/nix/store/ygbsbi27120308bp2qgq3qjcfp8xj0xv-nodejs-24.11.1-dev"
            }
          ],
          "store_path": "/nix/store/33f60ljv7511fpiwz0g8q35vvzwjrbs1-nodejs-24.11.1"
        },
        "x86_64-darwin": {
          "outputs": [
            {
              "name": "out",
              "path": "/nix/store/i6rfha93a4a68g4qrkswlmf7pjbdp4mf-nodejs-24.11.1",
              "default": true
            },
            {
              "name": "libv8",
              "path": "/nix/store/rsf30lc4bw2qdsi5cdplm48bwnh2dfr3-nodejs-24.11.1-libv8"
            },
            {
              "name": "dev",
              "path": "/nix/store/x35q5gf3i49034l541b4h44xhhhni2xf-nodejs-24.11.1-dev"
            }
          ],
          "store_path": "/nix/store/i6rfha93a4a68g4qrkswlmf7pjbdp4mf-nodejs-24.11.1"
        },
        "x86_64-linux": {
          "outputs": [
            {
              "name": "out",
              "path": "/nix/store/plpk1lnwvinl18hwk363112r63g74iff-nodejs-24.11.1",
              "default": true
            },
            {
              "name": "dev",
              "path": "/nix/store/0vb8nk8jfnqnhgswybmd1ksf9ajq8hfw-nodejs-24.11.1-dev"
            },
            {
              "name": "libv8",
              "path": "/nix/store/0v3rsmcla79h0igpkjvgaz87xd1a5x3p-nodejs-24.11.1-libv8"
            }
          ],
          "store_path": "/nix/store/plpk1lnwvinl18hwk363112r63g74iff-nodejs-24.11.1"
        }
      }
    },
    "postgresql@latest": {
      "last_modified": "2025-11-18T11:19:29Z",
      "plugin_version": "0.0.2",
      "resolved": "github:NixOS/nixpkgs/6f374686605df381de8541c072038472a5ea2e2d#postgresql",
      "source": "devbox-search",
      "version": "17.7",
      "systems": {
        "aarch64-darwin": {
          "outputs": [
            {
              "name": "out",
              "path": "/nix/store/wxzzhynk7rk7ngc3bvilscsmslyzslib-postgresql-17.7",
              "default": true
            },
            {
              "name": "man",
              "path": "/nix/store/1blf9vq1jy35cf3w7z56hqg47szk0394-postgresql-17.7-man",
              "default": true
            },
            {
              "name": "dev",
              "path": "/nix/store/i8f51b2r9i790nwmqydxrkk0ck1cg5nh-postgresql-17.7-dev"
            },
            {
              "name": "doc",
              "path": "/nix/store/f9f0fxx2xcnkmg103s222239gfwmqiv6-postgresql-17.7-doc"
            },
            {
              "name": "plperl",
              "path": "/nix/store/zdviahy78dd9s5qwcld31686qwvp4h7q-postgresql-17.7-plperl"
            },
            {
              "name": "plpython3",
              "path": "/nix/store/x86rr3agsgbci2a016mbckkc61lyqh0d-postgresql-17.7-plpython3"
            },
            {
              "name": "jit",
              "path": "/nix/store/cri8ws629wxwn2575wh4sbwqb3vjcqyj-postgresql-17.7-jit"
            },
            {
              "name": "lib",
              "path": "/nix/store/880j3sdm7cjbn74xqra24brgl9rwbfgp-postgresql-17.7-lib"
            },
            {
              "name": "pltcl",
              "path": "/nix/store/brgcnavfsdj5hl25xwf9rjbnwxyg2i0y-postgresql-17.7-pltcl"
            }
          ],
          "store_path": "/nix/store/wxzzhynk7rk7ngc3bvilscsmslyzslib-postgresql-17.7"
        },
        "aarch64-linux": {
          "outputs": [
            {
              "name": "out",
              "path": "/nix/store/8fg1wp5jjj330nv78hisrmvhibpya62c-postgresql-17.7",
              "default": true
            },
            {
              "name": "man",
              "path": "/nix/store/vgkgvy162ds315m319wkx52dy1ihysm6-postgresql-17.7-man",
              "default": true
            },
            {
              "name": "dev",
              "path": "/nix/store/8211jzj7sw531xz7q09l0rg89va20q6i-postgresql-17.7-dev"
            },
            {
              "name": "doc",
              "path": "/nix/store/838r6iqm1840x6g4bzdxhiwzhc072jvy-postgresql-17.7-doc"
            },
            {
              "name": "plperl",
              "path": "/nix/store/k1ws8mvzrwpp6hfgdylkv6q9aczwgykh-postgresql-17.7-plperl"
            },
            {
              "name": "plpython3",
              "path": "/nix/store/71wid3dmzcw98aa8s2h15wl50mswvg5y-postgresql-17.7-plpython3"
            },
            {
              "name": "pltcl",
              "path": "/nix/store/f24mrd413ckq4ch08l9jq00h9spq208d-postgresql-17.7-pltcl"
            },
            {
              "name": "debug",
              "path": "/nix/store/sa6sfz4kn4wqmmyp0syckn2njmy599z8-postgresql-17.7-debug"
            },
            {
              "name": "jit",
              "path": "/nix/store/mxqyg16zzrnlkgn5c1jy7i7c468zddjj-postgresql-17.7-jit"
            },
            {
              "name": "lib",
              "path": "/nix/store/zsbv0ngk3kj6r07fa6asqq57b4r08zc6-postgresql-17.7-lib"
            }
          ],
          "store_path": "/nix/store/8fg1wp5jjj330nv78hisrmvhibpya62c-postgresql-17.7"
        },
        "x86_64-darwin": {
          "outputs": [
            {
              "name": "out",
              "path": "/nix/store/aylb95vrvs276mxvmnhzj51zivvdgqbr-postgresql-17.7",
              "default": true
            },
            {
              "name": "man",
              "path": "/nix/store/0q334b4hyz8dmr1vvlvszyb92v4isc7z-postgresql-17.7-man",
              "default": true
            },
            {
              "name": "pltcl",
              "path": "/nix/store/n3w99n1q5n543010aqsb05cic9ach030-postgresql-17.7-pltcl"
            },
            {
              "name": "jit",
              "path": "/nix/store/d8vsjqhyyhcixbnvzfs87na26sdrlc1p-postgresql-17.7-jit"
            },
            {
              "name": "plperl",
              "path": "/nix/store/hs4ifdgvmhdh8f0xknzbg5lgga6kqbic-postgresql-17.7-plperl"
            },
            {
              "name": "dev",
              "path": "/nix/store/9vrg7845l8wy9na4bw57jrhszzb8cvqq-postgresql-17.7-dev"
            },
            {
              "name": "doc",
              "path": "/nix/store/bc1nvphb04hi30qjls6akdq5i30x3m75-postgresql-17.7-doc"
            },
            {
              "name": "lib",
              "path": "/nix/store/0p8293v536ddw0h3glwrqkyb7b5b1ly0-postgresql-17.7-lib"
            },
            {
              "name": "plpython3",
              "path": "/nix/store/8z0mlpi6k79i8arvfa89w425rpgqlsk7-postgresql-17.7-plpython3"
            }
          ],
          "store_path": "/nix/store/aylb95vrvs276mxvmnhzj51zivvdgqbr-postgresql-17.7"
        },
        "x86_64-linux": {
          "outputs": [
            {
              "name": "out",
              "path": "/nix/store/jysqjdw7f5ni3r9pbr1f9snkpc9w0wq6-postgresql-17.7",
              "default": true
            },
            {
              "name": "man",
              "path": "/nix/store/c8d67qvagz347p54ra71i6a0sfjgbd9v-postgresql-17.7-man",
              "default": true
            },
            {
              "name": "doc",
              "path": "/nix/store/gpvgxj399643vi208v85l5icvdhp4mqp-postgresql-17.7-doc"
            },
            {
              "name": "jit",
              "path": "/nix/store/jrkrcdqw58xcvm35jnyl01i20fgwxnx5-postgresql-17.7-jit"
            },
            {
              "name": "lib",
              "path": "/nix/store/8qaddy9n2d9a5hdx281fnbs3kpy71p5w-postgresql-17.7-lib"
            },
            {
              "name": "debug",
              "path": "/nix/store/9savdqq0jsk5blbw97izla1xds5ss4x3-postgresql-17.7-debug"
            },
            {
              "name": "plperl",
              "path": "/nix/store/v6n0bwa88pda05sbxfcplgj8myj30bns-postgresql-17.7-plperl"
            },
            {
              "name": "plpython3",
              "path": "/nix/store/ilrcqbkgg6ql6n8q7nwsg0b7zrj2zz1z-postgresql-17.7-plpython3"
            },
            {
              "name": "pltcl",
              "path": "/nix/store/8rfg2r6bp45z2x9pszi24gazm4p9490p-postgresql-17.7-pltcl"
            },
            {
              "name": "dev",
              "path": "/nix/store/5x1xqpk3h8p2cjh457agcl69akxznm1q-postgresql-17.7-dev"
            }
          ],
          "store_path": "/nix/store/jysqjdw7f5ni3r9pbr1f9snkpc9w0wq6-postgresql-17.7"
        }
      }
    },
    "python@3.13": {
      "last_modified": "2025-05-16T20:19:48Z",
      "plugin_version": "0.0.4",
      "resolved": "github:NixOS/nixpkgs/12a55407652e04dcf2309436eb06fef0d3713ef3#python313",
      "source": "devbox-search",
      "version": "3.13.3",
      "systems": {
        "aarch64-darwin": {
          "outputs": [
            {
              "name": "out",
              "path": "/nix/store/1a8xg8l3m67hxinxzzcsak9736qm9vsf-python3-3.13.3",
              "default": true
            }
          ],
          "store_path": "/nix/store/1a8xg8l3m67hxinxzzcsak9736qm9vsf-python3-3.13.3"
        },
        "aarch64-linux": {
          "outputs": [
            {
              "name": "out",
              "path": "/nix/store/yy0xvc2rydhrs0h1v8d7r3sql347xzz5-python3-3.13.3",
              "default": true
            },
            {
              "name": "debug",
              "path": "/nix/store/42bxfqfrh8cwspl7szr0cw8739xv8qlq-python3-3.13.3-debug"
            }
          ],
          "store_path": "/nix/store/yy0xvc2rydhrs0h1v8d7r3sql347xzz5-python3-3.13.3"
        },
        "x86_64-darwin": {
          "outputs": [
            {
              "name": "out",
              "path": "/nix/store/gbrigjhghz9v2p0zf9b2fnvs0g0yx7q4-python3-3.13.3",
              "default": true
            }
          ],
          "store_path": "/nix/store/gbrigjhghz9v2p0zf9b2fnvs0g0yx7q4-python3-3.13.3"
        },
        "x86_64-linux": {
          "outputs": [
            {
              "name": "out",
              "path": "/nix/store/2mab9iiwhcqwk75qwvp3zv0bvbiaq6cs-python3-3.13.3",
              "default": true
            },
            {
              "name": "debug",
              "path": "/nix/store/9z6k8ijl2md0y2n95yprbjj4vxbfsi15-python3-3.13.3-debug"
            }
          ],
          "store_path": "/nix/store/2mab9iiwhcqwk75qwvp3zv0bvbiaq6cs-python3-3.13.3"
        }
      }
    },
    "sqlcmd@latest": {
      "last_modified": "2025-11-15T07:28:48Z",
      "resolved": "github:NixOS/nixpkgs/1d4c88323ac36805d09657d13a5273aea1b34f0c#sqlcmd",
      "source": "devbox-search",
      "version": "1.8.3",
      "systems": {
        "aarch64-darwin": {
          "outputs": [
            {
              "name": "out",
              "path": "/nix/store/30cx2wmc594hlpq9p8bgc5lpgyl6324m-sqlcmd-1.8.3",
              "default": true
            }
          ],
          "store_path": "/nix/store/30cx2wmc594hlpq9p8bgc5lpgyl6324m-sqlcmd-1.8.3"
        },
        "aarch64-linux": {
          "outputs": [
            {
              "name": "out",
              "path": "/nix/store/cdycw04bmbvrv3khxj8xnlrxfr9p7phn-sqlcmd-1.8.3",
              "default": true
            }
          ],
          "store_path": "/nix/store/cdycw04bmbvrv3khxj8xnlrxfr9p7phn-sqlcmd-1.8.3"
        },
        "x86_64-darwin": {
          "outputs": [
            {
              "name": "out",
              "path": "/nix/store/flp997s068l218p6s4a4414w9ympxy3v-sqlcmd-1.8.3",
              "default": true
            }
          ],
          "store_path": "/nix/store/flp997s068l218p6s4a4414w9ympxy3v-sqlcmd-1.8.3"
        },
        "x86_64-linux": {
          "outputs": [
            {
              "name": "out",
              "path": "/nix/store/s2adm5mswla499sbkfiwjaaf0d5izf65-sqlcmd-1.8.3",
              "default": true
            }
          ],
          "store_path": "/nix/store/s2adm5mswla499sbkfiwjaaf0d5izf65-sqlcmd-1.8.3"
        }
      }
    },
    "sqlfluff@latest": {
      "last_modified": "2025-11-17T10:23:24Z",
      "resolved": "github:NixOS/nixpkgs/8b6600824693a9c706ef09bd86711ca393703466#sqlfluff",
      "source": "devbox-search",
      "version": "3.5.0",
      "systems": {
        "aarch64-darwin": {
          "outputs": [
            {
              "name": "out",
              "path": "/nix/store/8jpibsqdn5x7pa3b8v2ms9ckvg49nr5q-sqlfluff-3.5.0",
              "default": true
            },
            {
              "name": "dist",
              "path": "/nix/store/rvzv9l787kc14c8jybrwb004zac1zg79-sqlfluff-3.5.0-dist"
            }
          ],
          "store_path": "/nix/store/8jpibsqdn5x7pa3b8v2ms9ckvg49nr5q-sqlfluff-3.5.0"
        },
        "aarch64-linux": {
          "outputs": [
            {
              "name": "out",
              "path": "/nix/store/mv7v840z81mavd7gy8nvd3yssg54bww4-sqlfluff-3.5.0",
              "default": true
            },
            {
              "name": "dist",
              "path": "/nix/store/z3x18z3ddrvp4gkykbn8w365gd2zkgmw-sqlfluff-3.5.0-dist"
            }
          ],
          "store_path": "/nix/store/mv7v840z81mavd7gy8nvd3yssg54bww4-sqlfluff-3.5.0"
        },
        "x86_64-darwin": {
          "outputs": [
            {
              "name": "out",
              "path": "/nix/store/gmbz6d419mb13pgc4g6s682i2iz77qss-sqlfluff-3.5.0",
              "default": true
            },
            {
              "name": "dist",
              "path": "/nix/store/fyvzi4zv5wlhzm85idjq4pjlzw20b042-sqlfluff-3.5.0-dist"
            }
          ],
          "store_path": "/nix/store/gmbz6d419mb13pgc4g6s682i2iz77qss-sqlfluff-3.5.0"
        },
        "x86_64-linux": {
          "outputs": [
            {
              "name": "out",
              "path": "/nix/store/g0jqhaw4h7avvf2gw4g8lwcmc9x9zdbb-sqlfluff-3.5.0",
              "default": true
            },
            {
              "name": "dist",
              "path": "/nix/store/0yj0smlwi40md93xam6wk9j72ziww020-sqlfluff-3.5.0-dist"
            }
          ],
          "store_path": "/nix/store/g0jqhaw4h7avvf2gw4g8lwcmc9x9zdbb-sqlfluff-3.5.0"
        }
      }
    },
    "uv@latest": {
      "last_modified": "2025-11-15T07:28:48Z",
      "resolved": "github:NixOS/nixpkgs/1d4c88323ac36805d09657d13a5273aea1b34f0c#uv",
      "source": "devbox-search",
      "version": "0.9.7",
      "systems": {
        "aarch64-darwin": {
          "outputs": [
            {
              "name": "out",
              "path": "/nix/store/jawlhc5qjn8mmg8p90q8piyfz2nx26mh-uv-0.9.7",
              "default": true
            }
          ],
          "store_path": "/nix/store/jawlhc5qjn8mmg8p90q8piyfz2nx26mh-uv-0.9.7"
        },
        "aarch64-linux": {
          "outputs": [
            {
              "name": "out",
              "path": "/nix/store/4bdzpgmxc5960fhqhrzgp051sflxydyr-uv-0.9.7",
              "default": true
            }
          ],
          "store_path": "/nix/store/4bdzpgmxc5960fhqhrzgp051sflxydyr-uv-0.9.7"
        },
        "x86_64-darwin": {
          "outputs": [
            {
              "name": "out",
              "path": "/nix/store/lqqw5c03s9s2a1s1fwnizrqg6qyds6zl-uv-0.9.7",
              "default": true
            }
          ],
          "store_path": "/nix/store/lqqw5c03s9s2a1s1fwnizrqg6qyds6zl-uv-0.9.7"
        },
        "x86_64-linux": {
          "outputs": [
            {
              "name": "out",
              "path": "/nix/store/yam279jrm05r1ihvkw4nr1bjf8m0xpaw-uv-0.9.7",
              "default": true
            }
          ],
          "store_path": "/nix/store/yam279jrm05r1ihvkw4nr1bjf8m0xpaw-uv-0.9.7"
        }
      }
    }
  }
}
